
Microsoft Visual Studio Solution File, Format Version 12.00
# Visual Studio 15
VisualStudioVersion = 15.0.28307.168
MinimumVisualStudioVersion = 10.0.40219.1
Project("{FAE04EC0-301F-11D3-BF4B-00C04F79EFBC}") = "FuelDashApp.Android", "FuelDashApp\FuelDashApp.Android\FuelDashApp.Android.csproj", "{3A8E47D2-E073-4BC4-B20D-885E8A19E76A}"
EndProject
Project("{FAE04EC0-301F-11D3-BF4B-00C04F79EFBC}") = "FuelDashApp.iOS", "FuelDashApp\FuelDashApp.iOS\FuelDashApp.iOS.csproj", "{622C9541-C086-4CA3-892F-AFDB1B9A482C}"
EndProject
Project("{FAE04EC0-301F-11D3-BF4B-00C04F79EFBC}") = "FuelDashApp.UWP", "FuelDashApp\FuelDashApp.UWP\FuelDashApp.UWP.csproj", "{1BE16CBA-4EC9-41C5-B25C-7E62FEB68947}"
EndProject
Project("{FAE04EC0-301F-11D3-BF4B-00C04F79EFBC}") = "FuelDashApp", "FuelDashApp\FuelDashApp\FuelDashApp.csproj", "{7A1ED416-68F5-45BC-94CD-F87DEEDF07DB}"
EndProject
Global
	GlobalSection(SolutionConfigurationPlatforms) = preSolution
		Ad-Hoc|Any CPU = Ad-Hoc|Any CPU
		Ad-Hoc|ARM = Ad-Hoc|ARM
		Ad-Hoc|iPhone = Ad-Hoc|iPhone
		Ad-Hoc|iPhoneSimulator = Ad-Hoc|iPhoneSimulator
		Ad-Hoc|x64 = Ad-Hoc|x64
		Ad-Hoc|x86 = Ad-Hoc|x86
		AppStore|Any CPU = AppStore|Any CPU
		AppStore|ARM = AppStore|ARM
		AppStore|iPhone = AppStore|iPhone
		AppStore|iPhoneSimulator = AppStore|iPhoneSimulator
		AppStore|x64 = AppStore|x64
		AppStore|x86 = AppStore|x86
		Debug|Any CPU = Debug|Any CPU
		Debug|ARM = Debug|ARM
		Debug|iPhone = Debug|iPhone
		Debug|iPhoneSimulator = Debug|iPhoneSimulator
		Debug|x64 = Debug|x64
		Debug|x86 = Debug|x86
		Release|Any CPU = Release|Any CPU
		Release|ARM = Release|ARM
		Release|iPhone = Release|iPhone
		Release|iPhoneSimulator = Release|iPhoneSimulator
		Release|x64 = Release|x64
		Release|x86 = Release|x86
	EndGlobalSection
	GlobalSection(ProjectConfigurationPlatforms) = postSolution
		{3A8E47D2-E073-4BC4-B20D-885E8A19E76A}.Ad-Hoc|Any CPU.ActiveCfg = Release|Any CPU
		{3A8E47D2-E073-4BC4-B20D-885E8A19E76A}.Ad-Hoc|Any CPU.Build.0 = Release|Any CPU
		{3A8E47D2-E073-4BC4-B20D-885E8A19E76A}.Ad-Hoc|Any CPU.Deploy.0 = Release|Any CPU
		{3A8E47D2-E073-4BC4-B20D-885E8A19E76A}.Ad-Hoc|ARM.ActiveCfg = Release|Any CPU
		{3A8E47D2-E073-4BC4-B20D-885E8A19E76A}.Ad-Hoc|ARM.Build.0 = Release|Any CPU
		{3A8E47D2-E073-4BC4-B20D-885E8A19E76A}.Ad-Hoc|ARM.Deploy.0 = Release|Any CPU
		{3A8E47D2-E073-4BC4-B20D-885E8A19E76A}.Ad-Hoc|iPhone.ActiveCfg = Release|Any CPU
		{3A8E47D2-E073-4BC4-B20D-885E8A19E76A}.Ad-Hoc|iPhone.Build.0 = Release|Any CPU
		{3A8E47D2-E073-4BC4-B20D-885E8A19E76A}.Ad-Hoc|iPhone.Deploy.0 = Release|Any CPU
		{3A8E47D2-E073-4BC4-B20D-885E8A19E76A}.Ad-Hoc|iPhoneSimulator.ActiveCfg = Release|Any CPU
		{3A8E47D2-E073-4BC4-B20D-885E8A19E76A}.Ad-Hoc|iPhoneSimulator.Build.0 = Release|Any CPU
		{3A8E47D2-E073-4BC4-B20D-885E8A19E76A}.Ad-Hoc|iPhoneSimulator.Deploy.0 = Release|Any CPU
		{3A8E47D2-E073-4BC4-B20D-885E8A19E76A}.Ad-Hoc|x64.ActiveCfg = Release|Any CPU
		{3A8E47D2-E073-4BC4-B20D-885E8A19E76A}.Ad-Hoc|x64.Build.0 = Release|Any CPU
		{3A8E47D2-E073-4BC4-B20D-885E8A19E76A}.Ad-Hoc|x64.Deploy.0 = Release|Any CPU
		{3A8E47D2-E073-4BC4-B20D-885E8A19E76A}.Ad-Hoc|x86.ActiveCfg = Release|Any CPU
		{3A8E47D2-E073-4BC4-B20D-885E8A19E76A}.Ad-Hoc|x86.Build.0 = Release|Any CPU
		{3A8E47D2-E073-4BC4-B20D-885E8A19E76A}.Ad-Hoc|x86.Deploy.0 = Release|Any CPU
		{3A8E47D2-E073-4BC4-B20D-885E8A19E76A}.AppStore|Any CPU.ActiveCfg = Release|Any CPU
		{3A8E47D2-E073-4BC4-B20D-885E8A19E76A}.AppStore|Any CPU.Build.0 = Release|Any CPU
		{3A8E47D2-E073-4BC4-B20D-885E8A19E76A}.AppStore|Any CPU.Deploy.0 = Release|Any CPU
		{3A8E47D2-E073-4BC4-B20D-885E8A19E76A}.AppStore|ARM.ActiveCfg = Release|Any CPU
		{3A8E47D2-E073-4BC4-B20D-885E8A19E76A}.AppStore|ARM.Build.0 = Release|Any CPU
		{3A8E47D2-E073-4BC4-B20D-885E8A19E76A}.AppStore|ARM.Deploy.0 = Release|Any CPU
		{3A8E47D2-E073-4BC4-B20D-885E8A19E76A}.AppStore|iPhone.ActiveCfg = Release|Any CPU
		{3A8E47D2-E073-4BC4-B20D-885E8A19E76A}.AppStore|iPhone.Build.0 = Release|Any CPU
		{3A8E47D2-E073-4BC4-B20D-885E8A19E76A}.AppStore|iPhone.Deploy.0 = Release|Any CPU
		{3A8E47D2-E073-4BC4-B20D-885E8A19E76A}.AppStore|iPhoneSimulator.ActiveCfg = Release|Any CPU
		{3A8E47D2-E073-4BC4-B20D-885E8A19E76A}.AppStore|iPhoneSimulator.Build.0 = Release|Any CPU
		{3A8E47D2-E073-4BC4-B20D-885E8A19E76A}.AppStore|iPhoneSimulator.Deploy.0 = Release|Any CPU
		{3A8E47D2-E073-4BC4-B20D-885E8A19E76A}.AppStore|x64.ActiveCfg = Release|Any CPU
		{3A8E47D2-E073-4BC4-B20D-885E8A19E76A}.AppStore|x64.Build.0 = Release|Any CPU
		{3A8E47D2-E073-4BC4-B20D-885E8A19E76A}.AppStore|x64.Deploy.0 = Release|Any CPU
		{3A8E47D2-E073-4BC4-B20D-885E8A19E76A}.AppStore|x86.ActiveCfg = Release|Any CPU
		{3A8E47D2-E073-4BC4-B20D-885E8A19E76A}.AppStore|x86.Build.0 = Release|Any CPU
		{3A8E47D2-E073-4BC4-B20D-885E8A19E76A}.AppStore|x86.Deploy.0 = Release|Any CPU
		{3A8E47D2-E073-4BC4-B20D-885E8A19E76A}.Debug|Any CPU.ActiveCfg = Debug|Any CPU
		{3A8E47D2-E073-4BC4-B20D-885E8A19E76A}.Debug|Any CPU.Build.0 = Debug|Any CPU
		{3A8E47D2-E073-4BC4-B20D-885E8A19E76A}.Debug|Any CPU.Deploy.0 = Debug|Any CPU
		{3A8E47D2-E073-4BC4-B20D-885E8A19E76A}.Debug|ARM.ActiveCfg = Debug|Any CPU
		{3A8E47D2-E073-4BC4-B20D-885E8A19E76A}.Debug|ARM.Build.0 = Debug|Any CPU
		{3A8E47D2-E073-4BC4-B20D-885E8A19E76A}.Debug|ARM.Deploy.0 = Debug|Any CPU
		{3A8E47D2-E073-4BC4-B20D-885E8A19E76A}.Debug|iPhone.ActiveCfg = Debug|Any CPU
		{3A8E47D2-E073-4BC4-B20D-885E8A19E76A}.Debug|iPhone.Build.0 = Debug|Any CPU
		{3A8E47D2-E073-4BC4-B20D-885E8A19E76A}.Debug|iPhone.Deploy.0 = Debug|Any CPU
		{3A8E47D2-E073-4BC4-B20D-885E8A19E76A}.Debug|iPhoneSimulator.ActiveCfg = Debug|Any CPU
		{3A8E47D2-E073-4BC4-B20D-885E8A19E76A}.Debug|iPhoneSimulator.Build.0 = Debug|Any CPU
		{3A8E47D2-E073-4BC4-B20D-885E8A19E76A}.Debug|iPhoneSimulator.Deploy.0 = Debug|Any CPU
		{3A8E47D2-E073-4BC4-B20D-885E8A19E76A}.Debug|x64.ActiveCfg = Debug|Any CPU
		{3A8E47D2-E073-4BC4-B20D-885E8A19E76A}.Debug|x64.Build.0 = Debug|Any CPU
		{3A8E47D2-E073-4BC4-B20D-885E8A19E76A}.Debug|x64.Deploy.0 = Debug|Any CPU
		{3A8E47D2-E073-4BC4-B20D-885E8A19E76A}.Debug|x86.ActiveCfg = Debug|Any CPU
		{3A8E47D2-E073-4BC4-B20D-885E8A19E76A}.Debug|x86.Build.0 = Debug|Any CPU
		{3A8E47D2-E073-4BC4-B20D-885E8A19E76A}.Debug|x86.Deploy.0 = Debug|Any CPU
		{3A8E47D2-E073-4BC4-B20D-885E8A19E76A}.Release|Any CPU.ActiveCfg = Release|Any CPU
		{3A8E47D2-E073-4BC4-B20D-885E8A19E76A}.Release|Any CPU.Build.0 = Release|Any CPU
		{3A8E47D2-E073-4BC4-B20D-885E8A19E76A}.Release|Any CPU.Deploy.0 = Release|Any CPU
		{3A8E47D2-E073-4BC4-B20D-885E8A19E76A}.Release|ARM.ActiveCfg = Release|Any CPU
		{3A8E47D2-E073-4BC4-B20D-885E8A19E76A}.Release|ARM.Build.0 = Release|Any CPU
		{3A8E47D2-E073-4BC4-B20D-885E8A19E76A}.Release|ARM.Deploy.0 = Release|Any CPU
		{3A8E47D2-E073-4BC4-B20D-885E8A19E76A}.Release|iPhone.ActiveCfg = Release|Any CPU
		{3A8E47D2-E073-4BC4-B20D-885E8A19E76A}.Release|iPhone.Build.0 = Release|Any CPU
		{3A8E47D2-E073-4BC4-B20D-885E8A19E76A}.Release|iPhone.Deploy.0 = Release|Any CPU
		{3A8E47D2-E073-4BC4-B20D-885E8A19E76A}.Release|iPhoneSimulator.ActiveCfg = Release|Any CPU
		{3A8E47D2-E073-4BC4-B20D-885E8A19E76A}.Release|iPhoneSimulator.Build.0 = Release|Any CPU
		{3A8E47D2-E073-4BC4-B20D-885E8A19E76A}.Release|iPhoneSimulator.Deploy.0 = Release|Any CPU
		{3A8E47D2-E073-4BC4-B20D-885E8A19E76A}.Release|x64.ActiveCfg = Release|Any CPU
		{3A8E47D2-E073-4BC4-B20D-885E8A19E76A}.Release|x64.Build.0 = Release|Any CPU
		{3A8E47D2-E073-4BC4-B20D-885E8A19E76A}.Release|x64.Deploy.0 = Release|Any CPU
		{3A8E47D2-E073-4BC4-B20D-885E8A19E76A}.Release|x86.ActiveCfg = Release|Any CPU
		{3A8E47D2-E073-4BC4-B20D-885E8A19E76A}.Release|x86.Build.0 = Release|Any CPU
		{3A8E47D2-E073-4BC4-B20D-885E8A19E76A}.Release|x86.Deploy.0 = Release|Any CPU
		{622C9541-C086-4CA3-892F-AFDB1B9A482C}.Ad-Hoc|Any CPU.ActiveCfg = Ad-Hoc|iPhone
		{622C9541-C086-4CA3-892F-AFDB1B9A482C}.Ad-Hoc|Any CPU.Build.0 = Ad-Hoc|iPhone
		{622C9541-C086-4CA3-892F-AFDB1B9A482C}.Ad-Hoc|Any CPU.Deploy.0 = Ad-Hoc|iPhone
		{622C9541-C086-4CA3-892F-AFDB1B9A482C}.Ad-Hoc|ARM.ActiveCfg = Ad-Hoc|iPhone
		{622C9541-C086-4CA3-892F-AFDB1B9A482C}.Ad-Hoc|ARM.Build.0 = Ad-Hoc|iPhone
		{622C9541-C086-4CA3-892F-AFDB1B9A482C}.Ad-Hoc|ARM.Deploy.0 = Ad-Hoc|iPhone
		{622C9541-C086-4CA3-892F-AFDB1B9A482C}.Ad-Hoc|iPhone.ActiveCfg = Ad-Hoc|iPhone
		{622C9541-C086-4CA3-892F-AFDB1B9A482C}.Ad-Hoc|iPhone.Build.0 = Ad-Hoc|iPhone
		{622C9541-C086-4CA3-892F-AFDB1B9A482C}.Ad-Hoc|iPhone.Deploy.0 = Ad-Hoc|iPhone
		{622C9541-C086-4CA3-892F-AFDB1B9A482C}.Ad-Hoc|iPhoneSimulator.ActiveCfg = Ad-Hoc|iPhoneSimulator
		{622C9541-C086-4CA3-892F-AFDB1B9A482C}.Ad-Hoc|iPhoneSimulator.Build.0 = Ad-Hoc|iPhoneSimulator
		{622C9541-C086-4CA3-892F-AFDB1B9A482C}.Ad-Hoc|iPhoneSimulator.Deploy.0 = Ad-Hoc|iPhoneSimulator
		{622C9541-C086-4CA3-892F-AFDB1B9A482C}.Ad-Hoc|x64.ActiveCfg = Ad-Hoc|iPhone
		{622C9541-C086-4CA3-892F-AFDB1B9A482C}.Ad-Hoc|x64.Build.0 = Ad-Hoc|iPhone
		{622C9541-C086-4CA3-892F-AFDB1B9A482C}.Ad-Hoc|x64.Deploy.0 = Ad-Hoc|iPhone
		{622C9541-C086-4CA3-892F-AFDB1B9A482C}.Ad-Hoc|x86.ActiveCfg = Ad-Hoc|iPhone
		{622C9541-C086-4CA3-892F-AFDB1B9A482C}.Ad-Hoc|x86.Build.0 = Ad-Hoc|iPhone
		{622C9541-C086-4CA3-892F-AFDB1B9A482C}.Ad-Hoc|x86.Deploy.0 = Ad-Hoc|iPhone
		{622C9541-C086-4CA3-892F-AFDB1B9A482C}.AppStore|Any CPU.ActiveCfg = AppStore|iPhone
		{622C9541-C086-4CA3-892F-AFDB1B9A482C}.AppStore|Any CPU.Build.0 = AppStore|iPhone
		{622C9541-C086-4CA3-892F-AFDB1B9A482C}.AppStore|Any CPU.Deploy.0 = AppStore|iPhone
		{622C9541-C086-4CA3-892F-AFDB1B9A482C}.AppStore|ARM.ActiveCfg = AppStore|iPhone
		{622C9541-C086-4CA3-892F-AFDB1B9A482C}.AppStore|ARM.Build.0 = AppStore|iPhone
		{622C9541-C086-4CA3-892F-AFDB1B9A482C}.AppStore|ARM.Deploy.0 = AppStore|iPhone
		{622C9541-C086-4CA3-892F-AFDB1B9A482C}.AppStore|iPhone.ActiveCfg = AppStore|iPhone
		{622C9541-C086-4CA3-892F-AFDB1B9A482C}.AppStore|iPhone.Build.0 = AppStore|iPhone
		{622C9541-C086-4CA3-892F-AFDB1B9A482C}.AppStore|iPhone.Deploy.0 = AppStore|iPhone
		{622C9541-C086-4CA3-892F-AFDB1B9A482C}.AppStore|iPhoneSimulator.ActiveCfg = AppStore|iPhoneSimulator
		{622C9541-C086-4CA3-892F-AFDB1B9A482C}.AppStore|iPhoneSimulator.Build.0 = AppStore|iPhoneSimulator
		{622C9541-C086-4CA3-892F-AFDB1B9A482C}.AppStore|iPhoneSimulator.Deploy.0 = AppStore|iPhoneSimulator
		{622C9541-C086-4CA3-892F-AFDB1B9A482C}.AppStore|x64.ActiveCfg = AppStore|iPhone
		{622C9541-C086-4CA3-892F-AFDB1B9A482C}.AppStore|x64.Build.0 = AppStore|iPhone
		{622C9541-C086-4CA3-892F-AFDB1B9A482C}.AppStore|x64.Deploy.0 = AppStore|iPhone
		{622C9541-C086-4CA3-892F-AFDB1B9A482C}.AppStore|x86.ActiveCfg = AppStore|iPhone
		{622C9541-C086-4CA3-892F-AFDB1B9A482C}.AppStore|x86.Build.0 = AppStore|iPhone
		{622C9541-C086-4CA3-892F-AFDB1B9A482C}.AppStore|x86.Deploy.0 = AppStore|iPhone
		{622C9541-C086-4CA3-892F-AFDB1B9A482C}.Debug|Any CPU.ActiveCfg = Debug|iPhoneSimulator
		{622C9541-C086-4CA3-892F-AFDB1B9A482C}.Debug|Any CPU.Build.0 = Debug|iPhoneSimulator
		{622C9541-C086-4CA3-892F-AFDB1B9A482C}.Debug|Any CPU.Deploy.0 = Debug|iPhoneSimulator
		{622C9541-C086-4CA3-892F-AFDB1B9A482C}.Debug|ARM.ActiveCfg = Debug|iPhone
		{622C9541-C086-4CA3-892F-AFDB1B9A482C}.Debug|ARM.Build.0 = Debug|iPhone
		{622C9541-C086-4CA3-892F-AFDB1B9A482C}.Debug|ARM.Deploy.0 = Debug|iPhone
		{622C9541-C086-4CA3-892F-AFDB1B9A482C}.Debug|iPhone.ActiveCfg = Debug|iPhone
		{622C9541-C086-4CA3-892F-AFDB1B9A482C}.Debug|iPhone.Build.0 = Debug|iPhone
		{622C9541-C086-4CA3-892F-AFDB1B9A482C}.Debug|iPhone.Deploy.0 = Debug|iPhone
		{622C9541-C086-4CA3-892F-AFDB1B9A482C}.Debug|iPhoneSimulator.ActiveCfg = Debug|iPhoneSimulator
		{622C9541-C086-4CA3-892F-AFDB1B9A482C}.Debug|iPhoneSimulator.Build.0 = Debug|iPhoneSimulator
		{622C9541-C086-4CA3-892F-AFDB1B9A482C}.Debug|iPhoneSimulator.Deploy.0 = Debug|iPhoneSimulator
		{622C9541-C086-4CA3-892F-AFDB1B9A482C}.Debug|x64.ActiveCfg = Debug|iPhone
		{622C9541-C086-4CA3-892F-AFDB1B9A482C}.Debug|x64.Build.0 = Debug|iPhone
		{622C9541-C086-4CA3-892F-AFDB1B9A482C}.Debug|x64.Deploy.0 = Debug|iPhone
		{622C9541-C086-4CA3-892F-AFDB1B9A482C}.Debug|x86.ActiveCfg = Debug|iPhone
		{622C9541-C086-4CA3-892F-AFDB1B9A482C}.Debug|x86.Build.0 = Debug|iPhone
		{622C9541-C086-4CA3-892F-AFDB1B9A482C}.Debug|x86.Deploy.0 = Debug|iPhone
		{622C9541-C086-4CA3-892F-AFDB1B9A482C}.Release|Any CPU.ActiveCfg = Release|iPhone
		{622C9541-C086-4CA3-892F-AFDB1B9A482C}.Release|Any CPU.Build.0 = Release|iPhone
		{622C9541-C086-4CA3-892F-AFDB1B9A482C}.Release|Any CPU.Deploy.0 = Release|iPhone
		{622C9541-C086-4CA3-892F-AFDB1B9A482C}.Release|ARM.ActiveCfg = Release|iPhone
		{622C9541-C086-4CA3-892F-AFDB1B9A482C}.Release|ARM.Build.0 = Release|iPhone
		{622C9541-C086-4CA3-892F-AFDB1B9A482C}.Release|ARM.Deploy.0 = Release|iPhone
		{622C9541-C086-4CA3-892F-AFDB1B9A482C}.Release|iPhone.ActiveCfg = Release|iPhone
		{622C9541-C086-4CA3-892F-AFDB1B9A482C}.Release|iPhone.Build.0 = Release|iPhone
		{622C9541-C086-4CA3-892F-AFDB1B9A482C}.Release|iPhone.Deploy.0 = Release|iPhone
		{622C9541-C086-4CA3-892F-AFDB1B9A482C}.Release|iPhoneSimulator.ActiveCfg = Release|iPhoneSimulator
		{622C9541-C086-4CA3-892F-AFDB1B9A482C}.Release|iPhoneSimulator.Build.0 = Release|iPhoneSimulator
		{622C9541-C086-4CA3-892F-AFDB1B9A482C}.Release|iPhoneSimulator.Deploy.0 = Release|iPhoneSimulator
		{622C9541-C086-4CA3-892F-AFDB1B9A482C}.Release|x64.ActiveCfg = Release|iPhone
		{622C9541-C086-4CA3-892F-AFDB1B9A482C}.Release|x64.Build.0 = Release|iPhone
		{622C9541-C086-4CA3-892F-AFDB1B9A482C}.Release|x64.Deploy.0 = Release|iPhone
		{622C9541-C086-4CA3-892F-AFDB1B9A482C}.Release|x86.ActiveCfg = Release|iPhone
		{622C9541-C086-4CA3-892F-AFDB1B9A482C}.Release|x86.Build.0 = Release|iPhone
		{622C9541-C086-4CA3-892F-AFDB1B9A482C}.Release|x86.Deploy.0 = Release|iPhone
		{1BE16CBA-4EC9-41C5-B25C-7E62FEB68947}.Ad-Hoc|Any CPU.ActiveCfg = Release|x86
		{1BE16CBA-4EC9-41C5-B25C-7E62FEB68947}.Ad-Hoc|Any CPU.Build.0 = Release|x86
		{1BE16CBA-4EC9-41C5-B25C-7E62FEB68947}.Ad-Hoc|Any CPU.Deploy.0 = Release|x86
		{1BE16CBA-4EC9-41C5-B25C-7E62FEB68947}.Ad-Hoc|ARM.ActiveCfg = Release|ARM
		{1BE16CBA-4EC9-41C5-B25C-7E62FEB68947}.Ad-Hoc|ARM.Build.0 = Release|ARM
		{1BE16CBA-4EC9-41C5-B25C-7E62FEB68947}.Ad-Hoc|ARM.Deploy.0 = Release|ARM
		{1BE16CBA-4EC9-41C5-B25C-7E62FEB68947}.Ad-Hoc|iPhone.ActiveCfg = Release|x86
		{1BE16CBA-4EC9-41C5-B25C-7E62FEB68947}.Ad-Hoc|iPhone.Build.0 = Release|x86
		{1BE16CBA-4EC9-41C5-B25C-7E62FEB68947}.Ad-Hoc|iPhone.Deploy.0 = Release|x86
		{1BE16CBA-4EC9-41C5-B25C-7E62FEB68947}.Ad-Hoc|iPhoneSimulator.ActiveCfg = Release|x86
		{1BE16CBA-4EC9-41C5-B25C-7E62FEB68947}.Ad-Hoc|iPhoneSimulator.Build.0 = Release|x86
		{1BE16CBA-4EC9-41C5-B25C-7E62FEB68947}.Ad-Hoc|iPhoneSimulator.Deploy.0 = Release|x86
		{1BE16CBA-4EC9-41C5-B25C-7E62FEB68947}.Ad-Hoc|x64.ActiveCfg = Release|x64
		{1BE16CBA-4EC9-41C5-B25C-7E62FEB68947}.Ad-Hoc|x64.Build.0 = Release|x64
		{1BE16CBA-4EC9-41C5-B25C-7E62FEB68947}.Ad-Hoc|x64.Deploy.0 = Release|x64
		{1BE16CBA-4EC9-41C5-B25C-7E62FEB68947}.Ad-Hoc|x86.ActiveCfg = Release|x86
		{1BE16CBA-4EC9-41C5-B25C-7E62FEB68947}.Ad-Hoc|x86.Build.0 = Release|x86
		{1BE16CBA-4EC9-41C5-B25C-7E62FEB68947}.Ad-Hoc|x86.Deploy.0 = Release|x86
		{1BE16CBA-4EC9-41C5-B25C-7E62FEB68947}.AppStore|Any CPU.ActiveCfg = Release|x86
		{1BE16CBA-4EC9-41C5-B25C-7E62FEB68947}.AppStore|Any CPU.Build.0 = Release|x86
		{1BE16CBA-4EC9-41C5-B25C-7E62FEB68947}.AppStore|Any CPU.Deploy.0 = Release|x86
		{1BE16CBA-4EC9-41C5-B25C-7E62FEB68947}.AppStore|ARM.ActiveCfg = Release|ARM
		{1BE16CBA-4EC9-41C5-B25C-7E62FEB68947}.AppStore|ARM.Build.0 = Release|ARM
		{1BE16CBA-4EC9-41C5-B25C-7E62FEB68947}.AppStore|ARM.Deploy.0 = Release|ARM
		{1BE16CBA-4EC9-41C5-B25C-7E62FEB68947}.AppStore|iPhone.ActiveCfg = Release|x86
		{1BE16CBA-4EC9-41C5-B25C-7E62FEB68947}.AppStore|iPhone.Build.0 = Release|x86
		{1BE16CBA-4EC9-41C5-B25C-7E62FEB68947}.AppStore|iPhone.Deploy.0 = Release|x86
		{1BE16CBA-4EC9-41C5-B25C-7E62FEB68947}.AppStore|iPhoneSimulator.ActiveCfg = Release|x86
		{1BE16CBA-4EC9-41C5-B25C-7E62FEB68947}.AppStore|iPhoneSimulator.Build.0 = Release|x86
		{1BE16CBA-4EC9-41C5-B25C-7E62FEB68947}.AppStore|iPhoneSimulator.Deploy.0 = Release|x86
		{1BE16CBA-4EC9-41C5-B25C-7E62FEB68947}.AppStore|x64.ActiveCfg = Release|x64
		{1BE16CBA-4EC9-41C5-B25C-7E62FEB68947}.AppStore|x64.Build.0 = Release|x64
		{1BE16CBA-4EC9-41C5-B25C-7E62FEB68947}.AppStore|x64.Deploy.0 = Release|x64
		{1BE16CBA-4EC9-41C5-B25C-7E62FEB68947}.AppStore|x86.ActiveCfg = Release|x86
		{1BE16CBA-4EC9-41C5-B25C-7E62FEB68947}.AppStore|x86.Build.0 = Release|x86
		{1BE16CBA-4EC9-41C5-B25C-7E62FEB68947}.AppStore|x86.Deploy.0 = Release|x86
		{1BE16CBA-4EC9-41C5-B25C-7E62FEB68947}.Debug|Any CPU.ActiveCfg = Debug|x86
		{1BE16CBA-4EC9-41C5-B25C-7E62FEB68947}.Debug|Any CPU.Build.0 = Debug|x86
		{1BE16CBA-4EC9-41C5-B25C-7E62FEB68947}.Debug|Any CPU.Deploy.0 = Debug|x86
		{1BE16CBA-4EC9-41C5-B25C-7E62FEB68947}.Debug|ARM.ActiveCfg = Debug|ARM
		{1BE16CBA-4EC9-41C5-B25C-7E62FEB68947}.Debug|ARM.Build.0 = Debug|ARM
		{1BE16CBA-4EC9-41C5-B25C-7E62FEB68947}.Debug|ARM.Deploy.0 = Debug|ARM
		{1BE16CBA-4EC9-41C5-B25C-7E62FEB68947}.Debug|iPhone.ActiveCfg = Debug|x86
		{1BE16CBA-4EC9-41C5-B25C-7E62FEB68947}.Debug|iPhone.Build.0 = Debug|x86
		{1BE16CBA-4EC9-41C5-B25C-7E62FEB68947}.Debug|iPhone.Deploy.0 = Debug|x86
		{1BE16CBA-4EC9-41C5-B25C-7E62FEB68947}.Debug|iPhoneSimulator.ActiveCfg = Debug|x86
		{1BE16CBA-4EC9-41C5-B25C-7E62FEB68947}.Debug|iPhoneSimulator.Build.0 = Debug|x86
		{1BE16CBA-4EC9-41C5-B25C-7E62FEB68947}.Debug|iPhoneSimulator.Deploy.0 = Debug|x86
		{1BE16CBA-4EC9-41C5-B25C-7E62FEB68947}.Debug|x64.ActiveCfg = Debug|x64
		{1BE16CBA-4EC9-41C5-B25C-7E62FEB68947}.Debug|x64.Build.0 = Debug|x64
		{1BE16CBA-4EC9-41C5-B25C-7E62FEB68947}.Debug|x64.Deploy.0 = Debug|x64
		{1BE16CBA-4EC9-41C5-B25C-7E62FEB68947}.Debug|x86.ActiveCfg = Debug|x86
		{1BE16CBA-4EC9-41C5-B25C-7E62FEB68947}.Debug|x86.Build.0 = Debug|x86
		{1BE16CBA-4EC9-41C5-B25C-7E62FEB68947}.Debug|x86.Deploy.0 = Debug|x86
		{1BE16CBA-4EC9-41C5-B25C-7E62FEB68947}.Release|Any CPU.ActiveCfg = Release|x86
		{1BE16CBA-4EC9-41C5-B25C-7E62FEB68947}.Release|Any CPU.Build.0 = Release|x86
		{1BE16CBA-4EC9-41C5-B25C-7E62FEB68947}.Release|Any CPU.Deploy.0 = Release|x86
		{1BE16CBA-4EC9-41C5-B25C-7E62FEB68947}.Release|ARM.ActiveCfg = Release|ARM
		{1BE16CBA-4EC9-41C5-B25C-7E62FEB68947}.Release|ARM.Build.0 = Release|ARM
		{1BE16CBA-4EC9-41C5-B25C-7E62FEB68947}.Release|ARM.Deploy.0 = Release|ARM
		{1BE16CBA-4EC9-41C5-B25C-7E62FEB68947}.Release|iPhone.ActiveCfg = Release|x86
		{1BE16CBA-4EC9-41C5-B25C-7E62FEB68947}.Release|iPhone.Build.0 = Release|x86
		{1BE16CBA-4EC9-41C5-B25C-7E62FEB68947}.Release|iPhone.Deploy.0 = Release|x86
		{1BE16CBA-4EC9-41C5-B25C-7E62FEB68947}.Release|iPhoneSimulator.ActiveCfg = Release|x86
		{1BE16CBA-4EC9-41C5-B25C-7E62FEB68947}.Release|iPhoneSimulator.Build.0 = Release|x86
		{1BE16CBA-4EC9-41C5-B25C-7E62FEB68947}.Release|iPhoneSimulator.Deploy.0 = Release|x86
		{1BE16CBA-4EC9-41C5-B25C-7E62FEB68947}.Release|x64.ActiveCfg = Release|x64
		{1BE16CBA-4EC9-41C5-B25C-7E62FEB68947}.Release|x64.Build.0 = Release|x64
		{1BE16CBA-4EC9-41C5-B25C-7E62FEB68947}.Release|x64.Deploy.0 = Release|x64
		{1BE16CBA-4EC9-41C5-B25C-7E62FEB68947}.Release|x86.ActiveCfg = Release|x86
		{1BE16CBA-4EC9-41C5-B25C-7E62FEB68947}.Release|x86.Build.0 = Release|x86
		{1BE16CBA-4EC9-41C5-B25C-7E62FEB68947}.Release|x86.Deploy.0 = Release|x86
		{7A1ED416-68F5-45BC-94CD-F87DEEDF07DB}.Ad-Hoc|Any CPU.ActiveCfg = Debug|Any CPU
		{7A1ED416-68F5-45BC-94CD-F87DEEDF07DB}.Ad-Hoc|Any CPU.Build.0 = Debug|Any CPU
		{7A1ED416-68F5-45BC-94CD-F87DEEDF07DB}.Ad-Hoc|Any CPU.Deploy.0 = Debug|Any CPU
		{7A1ED416-68F5-45BC-94CD-F87DEEDF07DB}.Ad-Hoc|ARM.ActiveCfg = Debug|Any CPU
		{7A1ED416-68F5-45BC-94CD-F87DEEDF07DB}.Ad-Hoc|ARM.Build.0 = Debug|Any CPU
		{7A1ED416-68F5-45BC-94CD-F87DEEDF07DB}.Ad-Hoc|ARM.Deploy.0 = Debug|Any CPU
		{7A1ED416-68F5-45BC-94CD-F87DEEDF07DB}.Ad-Hoc|iPhone.ActiveCfg = Debug|Any CPU
		{7A1ED416-68F5-45BC-94CD-F87DEEDF07DB}.Ad-Hoc|iPhone.Build.0 = Debug|Any CPU
		{7A1ED416-68F5-45BC-94CD-F87DEEDF07DB}.Ad-Hoc|iPhone.Deploy.0 = Debug|Any CPU
		{7A1ED416-68F5-45BC-94CD-F87DEEDF07DB}.Ad-Hoc|iPhoneSimulator.ActiveCfg = Debug|Any CPU
		{7A1ED416-68F5-45BC-94CD-F87DEEDF07DB}.Ad-Hoc|iPhoneSimulator.Build.0 = Debug|Any CPU
		{7A1ED416-68F5-45BC-94CD-F87DEEDF07DB}.Ad-Hoc|iPhoneSimulator.Deploy.0 = Debug|Any CPU
		{7A1ED416-68F5-45BC-94CD-F87DEEDF07DB}.Ad-Hoc|x64.ActiveCfg = Debug|Any CPU
		{7A1ED416-68F5-45BC-94CD-F87DEEDF07DB}.Ad-Hoc|x64.Build.0 = Debug|Any CPU
		{7A1ED416-68F5-45BC-94CD-F87DEEDF07DB}.Ad-Hoc|x64.Deploy.0 = Debug|Any CPU
		{7A1ED416-68F5-45BC-94CD-F87DEEDF07DB}.Ad-Hoc|x86.ActiveCfg = Debug|Any CPU
		{7A1ED416-68F5-45BC-94CD-F87DEEDF07DB}.Ad-Hoc|x86.Build.0 = Debug|Any CPU
		{7A1ED416-68F5-45BC-94CD-F87DEEDF07DB}.Ad-Hoc|x86.Deploy.0 = Debug|Any CPU
		{7A1ED416-68F5-45BC-94CD-F87DEEDF07DB}.AppStore|Any CPU.ActiveCfg = Debug|Any CPU
		{7A1ED416-68F5-45BC-94CD-F87DEEDF07DB}.AppStore|Any CPU.Build.0 = Debug|Any CPU
		{7A1ED416-68F5-45BC-94CD-F87DEEDF07DB}.AppStore|Any CPU.Deploy.0 = Debug|Any CPU
		{7A1ED416-68F5-45BC-94CD-F87DEEDF07DB}.AppStore|ARM.ActiveCfg = Debug|Any CPU
		{7A1ED416-68F5-45BC-94CD-F87DEEDF07DB}.AppStore|ARM.Build.0 = Debug|Any CPU
		{7A1ED416-68F5-45BC-94CD-F87DEEDF07DB}.AppStore|ARM.Deploy.0 = Debug|Any CPU
		{7A1ED416-68F5-45BC-94CD-F87DEEDF07DB}.AppStore|iPhone.ActiveCfg = Debug|Any CPU
		{7A1ED416-68F5-45BC-94CD-F87DEEDF07DB}.AppStore|iPhone.Build.0 = Debug|Any CPU
		{7A1ED416-68F5-45BC-94CD-F87DEEDF07DB}.AppStore|iPhone.Deploy.0 = Debug|Any CPU
		{7A1ED416-68F5-45BC-94CD-F87DEEDF07DB}.AppStore|iPhoneSimulator.ActiveCfg = Debug|Any CPU
		{7A1ED416-68F5-45BC-94CD-F87DEEDF07DB}.AppStore|iPhoneSimulator.Build.0 = Debug|Any CPU
		{7A1ED416-68F5-45BC-94CD-F87DEEDF07DB}.AppStore|iPhoneSimulator.Deploy.0 = Debug|Any CPU
		{7A1ED416-68F5-45BC-94CD-F87DEEDF07DB}.AppStore|x64.ActiveCfg = Debug|Any CPU
		{7A1ED416-68F5-45BC-94CD-F87DEEDF07DB}.AppStore|x64.Build.0 = Debug|Any CPU
		{7A1ED416-68F5-45BC-94CD-F87DEEDF07DB}.AppStore|x64.Deploy.0 = Debug|Any CPU
		{7A1ED416-68F5-45BC-94CD-F87DEEDF07DB}.AppStore|x86.ActiveCfg = Debug|Any CPU
		{7A1ED416-68F5-45BC-94CD-F87DEEDF07DB}.AppStore|x86.Build.0 = Debug|Any CPU
		{7A1ED416-68F5-45BC-94CD-F87DEEDF07DB}.AppStore|x86.Deploy.0 = Debug|Any CPU
		{7A1ED416-68F5-45BC-94CD-F87DEEDF07DB}.Debug|Any CPU.ActiveCfg = Debug|Any CPU
		{7A1ED416-68F5-45BC-94CD-F87DEEDF07DB}.Debug|Any CPU.Build.0 = Debug|Any CPU
		{7A1ED416-68F5-45BC-94CD-F87DEEDF07DB}.Debug|Any CPU.Deploy.0 = Debug|Any CPU
		{7A1ED416-68F5-45BC-94CD-F87DEEDF07DB}.Debug|ARM.ActiveCfg = Debug|Any CPU
		{7A1ED416-68F5-45BC-94CD-F87DEEDF07DB}.Debug|ARM.Build.0 = Debug|Any CPU
		{7A1ED416-68F5-45BC-94CD-F87DEEDF07DB}.Debug|ARM.Deploy.0 = Debug|Any CPU
		{7A1ED416-68F5-45BC-94CD-F87DEEDF07DB}.Debug|iPhone.ActiveCfg = Debug|Any CPU
		{7A1ED416-68F5-45BC-94CD-F87DEEDF07DB}.Debug|iPhone.Build.0 = Debug|Any CPU
		{7A1ED416-68F5-45BC-94CD-F87DEEDF07DB}.Debug|iPhone.Deploy.0 = Debug|Any CPU
		{7A1ED416-68F5-45BC-94CD-F87DEEDF07DB}.Debug|iPhoneSimulator.ActiveCfg = Debug|Any CPU
		{7A1ED416-68F5-45BC-94CD-F87DEEDF07DB}.Debug|iPhoneSimulator.Build.0 = Debug|Any CPU
		{7A1ED416-68F5-45BC-94CD-F87DEEDF07DB}.Debug|iPhoneSimulator.Deploy.0 = Debug|Any CPU
		{7A1ED416-68F5-45BC-94CD-F87DEEDF07DB}.Debug|x64.ActiveCfg = Debug|Any CPU
		{7A1ED416-68F5-45BC-94CD-F87DEEDF07DB}.Debug|x64.Build.0 = Debug|Any CPU
		{7A1ED416-68F5-45BC-94CD-F87DEEDF07DB}.Debug|x64.Deploy.0 = Debug|Any CPU
		{7A1ED416-68F5-45BC-94CD-F87DEEDF07DB}.Debug|x86.ActiveCfg = Debug|Any CPU
		{7A1ED416-68F5-45BC-94CD-F87DEEDF07DB}.Debug|x86.Build.0 = Debug|Any CPU
		{7A1ED416-68F5-45BC-94CD-F87DEEDF07DB}.Debug|x86.Deploy.0 = Debug|Any CPU
		{7A1ED416-68F5-45BC-94CD-F87DEEDF07DB}.Release|Any CPU.ActiveCfg = Release|Any CPU
		{7A1ED416-68F5-45BC-94CD-F87DEEDF07DB}.Release|Any CPU.Build.0 = Release|Any CPU
		{7A1ED416-68F5-45BC-94CD-F87DEEDF07DB}.Release|Any CPU.Deploy.0 = Release|Any CPU
		{7A1ED416-68F5-45BC-94CD-F87DEEDF07DB}.Release|ARM.ActiveCfg = Release|Any CPU
		{7A1ED416-68F5-45BC-94CD-F87DEEDF07DB}.Release|ARM.Build.0 = Release|Any CPU
		{7A1ED416-68F5-45BC-94CD-F87DEEDF07DB}.Release|ARM.Deploy.0 = Release|Any CPU
		{7A1ED416-68F5-45BC-94CD-F87DEEDF07DB}.Release|iPhone.ActiveCfg = Release|Any CPU
		{7A1ED416-68F5-45BC-94CD-F87DEEDF07DB}.Release|iPhone.Build.0 = Release|Any CPU
		{7A1ED416-68F5-45BC-94CD-F87DEEDF07DB}.Release|iPhone.Deploy.0 = Release|Any CPU
		{7A1ED416-68F5-45BC-94CD-F87DEEDF07DB}.Release|iPhoneSimulator.ActiveCfg = Release|Any CPU
		{7A1ED416-68F5-45BC-94CD-F87DEEDF07DB}.Release|iPhoneSimulator.Build.0 = Release|Any CPU
		{7A1ED416-68F5-45BC-94CD-F87DEEDF07DB}.Release|iPhoneSimulator.Deploy.0 = Release|Any CPU
		{7A1ED416-68F5-45BC-94CD-F87DEEDF07DB}.Release|x64.ActiveCfg = Release|Any CPU
		{7A1ED416-68F5-45BC-94CD-F87DEEDF07DB}.Release|x64.Build.0 = Release|Any CPU
		{7A1ED416-68F5-45BC-94CD-F87DEEDF07DB}.Release|x64.Deploy.0 = Release|Any CPU
		{7A1ED416-68F5-45BC-94CD-F87DEEDF07DB}.Release|x86.ActiveCfg = Release|Any CPU
		{7A1ED416-68F5-45BC-94CD-F87DEEDF07DB}.Release|x86.Build.0 = Release|Any CPU
		{7A1ED416-68F5-45BC-94CD-F87DEEDF07DB}.Release|x86.Deploy.0 = Release|Any CPU
	EndGlobalSection
	GlobalSection(SolutionProperties) = preSolution
		HideSolutionNode = FALSE
	EndGlobalSection
	GlobalSection(ExtensibilityGlobals) = postSolution
		SolutionGuid = {411C9638-2B39-4451-92BF-FAD12B31BCDC}
	EndGlobalSection
EndGlobal
